{
  "name": "tutorial-parser",
  "version": "1.0.0",
  "lockfileVersion": 3,
  "requires": true,
  "packages": {
    "": {
      "name": "tutorial-parser",
      "version": "1.0.0",
      "dependencies": {
        "@bytecodealliance/preview2-shim": "^0.20.1"
      }
    },
    "node_modules/@bytecodealliance/preview2-shim": {
      "version": "0.20.1",
      "resolved": "https://registry.npmjs.org/@bytecodealliance/preview2-shim/-/preview2-shim-0.20.1.tgz",
      "integrity": "sha512-gvQP6DWfeQIYKHBb+nPykku1DRtfXQjM685+e75YYr8ZF2ZxisE4+nWrpwf84+NaWJRfuL5HvoLKQFbup1iwkQ==",
      "license": "(Apache-2.0 WITH LLVM-exception)"
    }
  }
}
